// !$*UTF8*$!
{
	archiveVersion = 1;
	classes = {
	};
	objectVersion = 46;
	objects = {

/* Begin PBXBuildFile section */
		121326461EFEF6B900333057 /* main.cpp in Sources */ = {isa = PBXBuildFile; fileRef = 121326451EFEF6B900333057 /* main.cpp */; };
		1213264E1EFF07DE00333057 /* Action.cpp in Sources */ = {isa = PBXBuildFile; fileRef = 1213264C1EFF07DE00333057 /* Action.cpp */; };
		121326511EFF0BF400333057 /* Unit.cpp in Sources */ = {isa = PBXBuildFile; fileRef = 1213264F1EFF0BF400333057 /* Unit.cpp */; };
		121326541EFF0CCA00333057 /* Vector2.cpp in Sources */ = {isa = PBXBuildFile; fileRef = 121326521EFF0CCA00333057 /* Vector2.cpp */; };
/* End PBXBuildFile section */

/* Begin PBXCopyFilesBuildPhase section */
		121326401EFEF6B900333057 /* CopyFiles */ = {
			isa = PBXCopyFilesBuildPhase;
			buildActionMask = 2147483647;
			dstPath = /usr/share/man/man1/;
			dstSubfolderSpec = 0;
			files = (
			);
			runOnlyForDeploymentPostprocessing = 1;
		};
/* End PBXCopyFilesBuildPhase section */

/* Begin PBXFileReference section */
		121326421EFEF6B900333057 /* WonDevWoman */ = {isa = PBXFileReference; explicitFileType = "compiled.mach-o.executable"; includeInIndex = 0; path = WonDevWoman; sourceTree = BUILT_PRODUCTS_DIR; };
		121326451EFEF6B900333057 /* main.cpp */ = {isa = PBXFileReference; lastKnownFileType = sourcecode.cpp.cpp; path = main.cpp; sourceTree = "<group>"; };
		1213264C1EFF07DE00333057 /* Action.cpp */ = {isa = PBXFileReference; fileEncoding = 4; lastKnownFileType = sourcecode.cpp.cpp; path = Action.cpp; sourceTree = "<group>"; };
		1213264D1EFF07DE00333057 /* Action.hpp */ = {isa = PBXFileReference; fileEncoding = 4; lastKnownFileType = sourcecode.cpp.h; path = Action.hpp; sourceTree = "<group>"; };
		1213264F1EFF0BF400333057 /* Unit.cpp */ = {isa = PBXFileReference; fileEncoding = 4; lastKnownFileType = sourcecode.cpp.cpp; path = Unit.cpp; sourceTree = "<group>"; };
		121326501EFF0BF400333057 /* Unit.hpp */ = {isa = PBXFileReference; fileEncoding = 4; lastKnownFileType = sourcecode.cpp.h; path = Unit.hpp; sourceTree = "<group>"; };
		121326521EFF0CCA00333057 /* Vector2.cpp */ = {isa = PBXFileReference; fileEncoding = 4; lastKnownFileType = sourcecode.cpp.cpp; path = Vector2.cpp; sourceTree = "<group>"; };
		121326531EFF0CCA00333057 /* Vector2.hpp */ = {isa = PBXFileReference; fileEncoding = 4; lastKnownFileType = sourcecode.cpp.h; path = Vector2.hpp; sourceTree = "<group>"; };
/* End PBXFileReference section */

/* Begin PBXFrameworksBuildPhase section */
		1213263F1EFEF6B900333057 /* Frameworks */ = {
			isa = PBXFrameworksBuildPhase;
			buildActionMask = 2147483647;
			files = (
			);
			runOnlyForDeploymentPostprocessing = 0;
		};
/* End PBXFrameworksBuildPhase section */

/* Begin PBXGroup section */
		121326391EFEF6B900333057 = {
			isa = PBXGroup;
			children = (
				121326441EFEF6B900333057 /* WonDevWoman */,
				121326431EFEF6B900333057 /* Products */,
			);
			sourceTree = "<group>";
		};
		121326431EFEF6B900333057 /* Products */ = {
			isa = PBXGroup;
			children = (
				121326421EFEF6B900333057 /* WonDevWoman */,
			);
			name = Products;
			sourceTree = "<group>";
		};
		121326441EFEF6B900333057 /* WonDevWoman */ = {
			isa = PBXGroup;
			children = (
				121326451EFEF6B900333057 /* main.cpp */,
				1213264C1EFF07DE00333057 /* Action.cpp */,
				1213264D1EFF07DE00333057 /* Action.hpp */,
				1213264F1EFF0BF400333057 /* Unit.cpp */,
				121326501EFF0BF400333057 /* Unit.hpp */,
				121326521EFF0CCA00333057 /* Vector2.cpp */,
				121326531EFF0CCA00333057 /* Vector2.hpp */,
			);
			path = WonDevWoman;
			sourceTree = "<group>";
		};
/* End PBXGroup section */

/* Begin PBXNativeTarget section */
		121326411EFEF6B900333057 /* WonDevWoman */ = {
			isa = PBXNativeTarget;
			buildConfigurationList = 121326491EFEF6B900333057 /* Build configuration list for PBXNativeTarget "WonDevWoman" */;
			buildPhases = (
				1213263E1EFEF6B900333057 /* Sources */,
				1213263F1EFEF6B900333057 /* Frameworks */,
				121326401EFEF6B900333057 /* CopyFiles */,
			);
			buildRules = (
			);
			dependencies = (
			);
			name = WonDevWoman;
			productName = WonDevWoman;
			productReference = 121326421EFEF6B900333057 /* WonDevWoman */;
			productType = "com.apple.product-type.tool";
		};
/* End PBXNativeTarget section */

/* Begin PBXProject section */
		1213263A1EFEF6B900333057 /* Project object */ = {
			isa = PBXProject;
			attributes = {
				LastUpgradeCheck = 0820;
				ORGANIZATIONNAME = "Johan Lindell";
				TargetAttributes = {
					121326411EFEF6B900333057 = {
						CreatedOnToolsVersion = 8.2.1;
						ProvisioningStyle = Automatic;
					};
				};
			};
			buildConfigurationList = 1213263D1EFEF6B900333057 /* Build configuration list for PBXProject "WonDevWoman" */;
			compatibilityVersion = "Xcode 3.2";
			developmentRegion = English;
			hasScannedForEncodings = 0;
			knownRegions = (
				en,
			);
			mainGroup = 121326391EFEF6B900333057;
			productRefGroup = 121326431EFEF6B900333057 /* Products */;
			projectDirPath = "";
			projectRoot = "";
			targets = (
				121326411EFEF6B900333057 /* WonDevWoman */,
			);
		};
/* End PBXProject section */

/* Begin PBXSourcesBuildPhase section */
		1213263E1EFEF6B900333057 /* Sources */ = {
			isa = PBXSourcesBuildPhase;
			buildActionMask = 2147483647;
			files = (
				121326461EFEF6B900333057 /* main.cpp in Sources */,
				121326541EFF0CCA00333057 /* Vector2.cpp in Sources */,
				1213264E1EFF07DE00333057 /* Action.cpp in Sources */,
				121326511EFF0BF400333057 /* Unit.cpp in Sources */,
			);
			runOnlyForDeploymentPostprocessing = 0;
		};
/* End PBXSourcesBuildPhase section */

/* Begin XCBuildConfiguration section */
		121326471EFEF6B900333057 /* Debug */ = {
			isa = XCBuildConfiguration;
			buildSettings = {
				ALWAYS_SEARCH_USER_PATHS = NO;
				CLANG_ANALYZER_NONNULL = YES;
				CLANG_CXX_LANGUAGE_STANDARD = "gnu++0x";
				CLANG_CXX_LIBRARY = "libc++";
				CLANG_ENABLE_MODULES = YES;
				CLANG_ENABLE_OBJC_ARC = YES;
				CLANG_WARN_BOOL_CONVERSION = YES;
				CLANG_WARN_CONSTANT_CONVERSION = YES;
				CLANG_WARN_DIRECT_OBJC_ISA_USAGE = YES_ERROR;
				CLANG_WARN_DOCUMENTATION_COMMENTS = YES;
				CLANG_WARN_EMPTY_BODY = YES;
				CLANG_WARN_ENUM_CONVERSION = YES;
				CLANG_WARN_INFINITE_RECURSION = YES;
				CLANG_WARN_INT_CONVERSION = YES;
				CLANG_WARN_OBJC_ROOT_CLASS = YES_ERROR;
				CLANG_WARN_SUSPICIOUS_MOVE = YES;
				CLANG_WARN_UNREACHABLE_CODE = YES;
				CLANG_WARN__DUPLICATE_METHOD_MATCH = YES;
				CODE_SIGN_IDENTITY = "-";
				COPY_PHASE_STRIP = NO;
				DEBUG_INFORMATION_FORMAT = dwarf;
				ENABLE_STRICT_OBJC_MSGSEND = YES;
				ENABLE_TESTABILITY = YES;
				GCC_C_LANGUAGE_STANDARD = gnu99;
				GCC_DYNAMIC_NO_PIC = NO;
				GCC_NO_COMMON_BLOCKS = YES;
				GCC_OPTIMIZATION_LEVEL = 0;
				GCC_PREPROCESSOR_DEFINITIONS = (
					"DEBUG=1",
					"$(inherited)",
				);
				GCC_WARN_64_TO_32_BIT_CONVERSION = YES;
				GCC_WARN_ABOUT_RETURN_TYPE = YES_ERROR;
				GCC_WARN_UNDECLARED_SELECTOR = YES;
				GCC_WARN_UNINITIALIZED_AUTOS = YES_AGGRESSIVE;
				GCC_WARN_UNUSED_FUNCTION = YES;
				GCC_WARN_UNUSED_VARIABLE = YES;
				MACOSX_DEPLOYMENT_TARGET = 10.11;
				MTL_ENABLE_DEBUG_INFO = YES;
				ONLY_ACTIVE_ARCH = YES;
				SDKROOT = macosx;
			};
			name = Debug;
		};
		121326481EFEF6B900333057 /* Release */ = {
			isa = XCBuildConfiguration;
			buildSettings = {
				ALWAYS_SEARCH_USER_PATHS = NO;
				CLANG_ANALYZER_NONNULL = YES;
				CLANG_CXX_LANGUAGE_STANDARD = "gnu++0x";
				CLANG_CXX_LIBRARY = "libc++";
				CLANG_ENABLE_MODULES = YES;
				CLANG_ENABLE_OBJC_ARC = YES;
				CLANG_WARN_BOOL_CONVERSION = YES;
				CLANG_WARN_CONSTANT_CONVERSION = YES;
				CLANG_WARN_DIRECT_OBJC_ISA_USAGE = YES_ERROR;
				CLANG_WARN_DOCUMENTATION_COMMENTS = YES;
				CLANG_WARN_EMPTY_BODY = YES;
				CLANG_WARN_ENUM_CONVERSION = YES;
				CLANG_WARN_INFINITE_RECURSION = YES;
				CLANG_WARN_INT_CONVERSION = YES;
				CLANG_WARN_OBJC_ROOT_CLASS = YES_ERROR;
				CLANG_WARN_SUSPICIOUS_MOVE = YES;
				CLANG_WARN_UNREACHABLE_CODE = YES;
				CLANG_WARN__DUPLICATE_METHOD_MATCH = YES;
				CODE_SIGN_IDENTITY = "-";
				COPY_PHASE_STRIP = NO;
				DEBUG_INFORMATION_FORMAT = "dwarf-with-dsym";
				ENABLE_NS_ASSERTIONS = NO;
				ENABLE_STRICT_OBJC_MSGSEND = YES;
				GCC_C_LANGUAGE_STANDARD = gnu99;
				GCC_NO_COMMON_BLOCKS = YES;
				GCC_WARN_64_TO_32_BIT_CONVERSION = YES;
				GCC_WARN_ABOUT_RETURN_TYPE = YES_ERROR;
				GCC_WARN_UNDECLARED_SELECTOR = YES;
				GCC_WARN_UNINITIALIZED_AUTOS = YES_AGGRESSIVE;
				GCC_WARN_UNUSED_FUNCTION = YES;
				GCC_WARN_UNUSED_VARIABLE = YES;
				MACOSX_DEPLOYMENT_TARGET = 10.11;
				MTL_ENABLE_DEBUG_INFO = NO;
				SDKROOT = macosx;
			};
			name = Release;
		};
		1213264A1EFEF6B900333057 /* Debug */ = {
			isa = XCBuildConfiguration;
			buildSettings = {
				PRODUCT_NAME = "$(TARGET_NAME)";
			};
			name = Debug;
		};
		1213264B1EFEF6B900333057 /* Release */ = {
			isa = XCBuildConfiguration;
			buildSettings = {
				PRODUCT_NAME = "$(TARGET_NAME)";
			};
			name = Release;
		};
/* End XCBuildConfiguration section */

/* Begin XCConfigurationList section */
		1213263D1EFEF6B900333057 /* Build configuration list for PBXProject "WonDevWoman" */ = {
			isa = XCConfigurationList;
			buildConfigurations = (
				121326471EFEF6B900333057 /* Debug */,
				121326481EFEF6B900333057 /* Release */,
			);
			defaultConfigurationIsVisible = 0;
			defaultConfigurationName = Release;
		};
		121326491EFEF6B900333057 /* Build configuration list for PBXNativeTarget "WonDevWoman" */ = {
			isa = XCConfigurationList;
			buildConfigurations = (
				1213264A1EFEF6B900333057 /* Debug */,
				1213264B1EFEF6B900333057 /* Release */,
			);
			defaultConfigurationIsVisible = 0;
		};
/* End XCConfigurationList section */
	};
	rootObject = 1213263A1EFEF6B900333057 /* Project object */;
}
